{
  "name": "dashsight",
  "version": "1.0.1",
  "lockfileVersion": 2,
  "requires": true,
  "packages": {
    "": {
      "name": "dashsight",
      "version": "1.0.1",
      "license": "SEE LICENSE IN LICENSE",
      "dependencies": {
        "@root/request": "^1.9.0-8"
      },
      "bin": {
        "dashsight-balance": "bin/balance.js",
        "dashsight-instantsend": "bin/instantsend.js",
        "dashsight-tx": "bin/tx.js",
        "dashsight-txs": "bin/txs.js",
        "dashsight-utxos": "bin/utxos.js"
      },
      "optionalDependencies": {
        "dotenv": "^16.0.1"
      }
    },
    "node_modules/@root/request": {
      "version": "1.9.0-8",
      "resolved": "https://registry.npmjs.org/@root/request/-/request-1.9.0-8.tgz",
      "integrity": "sha512-dxRumBLyLt0gPibyBWqhor4HgFhgd6Wn01l293Cc/UOtp6LWbl7Ph6iUEymQ/4ZM/yQbBzo74pDZTMuQ3UHBOQ=="
    },
    "node_modules/dotenv": {
      "version": "16.0.1",
      "resolved": "https://registry.npmjs.org/dotenv/-/dotenv-16.0.1.tgz",
      "integrity": "sha512-1K6hR6wtk2FviQ4kEiSjFiH5rpzEVi8WW0x96aztHVMhEspNpc4DVOUTEHtEva5VThQ8IaBX1Pe4gSzpVVUsKQ==",
      "optional": true,
      "engines": {
        "node": ">=12"
      }
    }
  },
  "dependencies": {
    "@root/request": {
      "version": "1.9.0-8",
      "resolved": "https://registry.npmjs.org/@root/request/-/request-1.9.0-8.tgz",
      "integrity": "sha512-dxRumBLyLt0gPibyBWqhor4HgFhgd6Wn01l293Cc/UOtp6LWbl7Ph6iUEymQ/4ZM/yQbBzo74pDZTMuQ3UHBOQ=="
    },
    "dotenv": {
      "version": "16.0.1",
      "resolved": "https://registry.npmjs.org/dotenv/-/dotenv-16.0.1.tgz",
      "integrity": "sha512-1K6hR6wtk2FviQ4kEiSjFiH5rpzEVi8WW0x96aztHVMhEspNpc4DVOUTEHtEva5VThQ8IaBX1Pe4gSzpVVUsKQ==",
      "optional": true
    }
  }
}
