{
  "name": "dashsight",
  "version": "0.1.0",
  "lockfileVersion": 2,
  "requires": true,
  "packages": {
    "": {
      "name": "dashsight",
      "version": "0.1.0",
      "license": "SEE LICENSE IN LICENSE",
      "dependencies": {
        "@root/request": "^1.8.3",
        "dotenv": "^16.0.1"
      },
      "bin": {
        "dashsight": "bin/create-tx.js"
      }
    },
    "node_modules/@root/request": {
      "version": "1.8.3",
      "resolved": "https://registry.npmjs.org/@root/request/-/request-1.8.3.tgz",
      "integrity": "sha512-PTsMwobbR5s4ZmzMcRaMUbDoNExgUyNIBSokapMti1TdIDmjN3SWx1o/X1d+8cHxiHjO84xUWuyjL/ynnkgyuQ=="
    },
    "node_modules/dotenv": {
      "version": "16.0.1",
      "resolved": "https://registry.npmjs.org/dotenv/-/dotenv-16.0.1.tgz",
      "integrity": "sha512-1K6hR6wtk2FviQ4kEiSjFiH5rpzEVi8WW0x96aztHVMhEspNpc4DVOUTEHtEva5VThQ8IaBX1Pe4gSzpVVUsKQ==",
      "engines": {
        "node": ">=12"
      }
    }
  },
  "dependencies": {
    "@root/request": {
      "version": "1.8.3",
      "resolved": "https://registry.npmjs.org/@root/request/-/request-1.8.3.tgz",
      "integrity": "sha512-PTsMwobbR5s4ZmzMcRaMUbDoNExgUyNIBSokapMti1TdIDmjN3SWx1o/X1d+8cHxiHjO84xUWuyjL/ynnkgyuQ=="
    },
    "dotenv": {
      "version": "16.0.1",
      "resolved": "https://registry.npmjs.org/dotenv/-/dotenv-16.0.1.tgz",
      "integrity": "sha512-1K6hR6wtk2FviQ4kEiSjFiH5rpzEVi8WW0x96aztHVMhEspNpc4DVOUTEHtEva5VThQ8IaBX1Pe4gSzpVVUsKQ=="
    }
  }
}
